
Microsoft Visual Studio Solution File, Format Version 12.00
# Visual Studio 15
VisualStudioVersion = 15.0.26228.4
MinimumVisualStudioVersion = 10.0.40219.1
Project("{FAE04EC0-301F-11D3-BF4B-00C04F79EFBC}") = "LostPolygon.MethodInlineInjector", "LostPolygon.MethodInlineInjector\LostPolygon.MethodInlineInjector.csproj", "{BF09E2F7-78EC-4AB3-8A14-E2E98729C196}"
	ProjectSection(ProjectDependencies) = postProject
		{46054333-8706-4412-980B-659DF83891F8} = {46054333-8706-4412-980B-659DF83891F8}
		{91804157-8494-4288-930F-698FE3F0D7BE} = {91804157-8494-4288-930F-698FE3F0D7BE}
	EndProjectSection
EndProject
Project("{FAE04EC0-301F-11D3-BF4B-00C04F79EFBC}") = "LostPolygon.MethodInlineInjector.Tests.TestInjecteeLibrary", "LostPolygon.MethodInlineInjector.Tests.TestInjecteeLibrary\LostPolygon.MethodInlineInjector.Tests.TestInjecteeLibrary.csproj", "{91804157-8494-4288-930F-698FE3F0D7BE}"
EndProject
Project("{FAE04EC0-301F-11D3-BF4B-00C04F79EFBC}") = "LostPolygon.MethodInlineInjector.Configuration", "LostPolygon.MethodInlineInjector.Configuration\LostPolygon.MethodInlineInjector.Configuration.csproj", "{D207F1AF-1776-48BD-B4AB-ADF1217373BB}"
EndProject
Project("{FAE04EC0-301F-11D3-BF4B-00C04F79EFBC}") = "LostPolygon.MethodInlineInjector.Tests.TestInjectedLibrary", "LostPolygon.MethodInlineInjector.Tests.TestInjectedLibrary\LostPolygon.MethodInlineInjector.Tests.TestInjectedLibrary.csproj", "{46054333-8706-4412-980B-659DF83891F8}"
EndProject
Project("{FAE04EC0-301F-11D3-BF4B-00C04F79EFBC}") = "LostPolygon.MethodInlineInjector.Tests", "LostPolygon.MethodInlineInjector.Tests\LostPolygon.MethodInlineInjector.Tests.csproj", "{3266BA8E-E78A-4A18-8F22-4CB6165A778B}"
	ProjectSection(ProjectDependencies) = postProject
		{46054333-8706-4412-980B-659DF83891F8} = {46054333-8706-4412-980B-659DF83891F8}
		{91804157-8494-4288-930F-698FE3F0D7BE} = {91804157-8494-4288-930F-698FE3F0D7BE}
	EndProjectSection
EndProject
Project("{FAE04EC0-301F-11D3-BF4B-00C04F79EFBC}") = "LostPolygon.MethodInlineInjector.Console", "LostPolygon.MethodInlineInjector.Console\LostPolygon.MethodInlineInjector.Console.csproj", "{7870A46D-285E-49CF-8A96-7DA7FB05CBD1}"
EndProject
Global
	GlobalSection(SolutionConfigurationPlatforms) = preSolution
		Debug|Any CPU = Debug|Any CPU
		Release|Any CPU = Release|Any CPU
	EndGlobalSection
	GlobalSection(ProjectConfigurationPlatforms) = postSolution
		{BF09E2F7-78EC-4AB3-8A14-E2E98729C196}.Debug|Any CPU.ActiveCfg = Debug|Any CPU
		{BF09E2F7-78EC-4AB3-8A14-E2E98729C196}.Debug|Any CPU.Build.0 = Debug|Any CPU
		{BF09E2F7-78EC-4AB3-8A14-E2E98729C196}.Release|Any CPU.ActiveCfg = Release|Any CPU
		{BF09E2F7-78EC-4AB3-8A14-E2E98729C196}.Release|Any CPU.Build.0 = Release|Any CPU
		{91804157-8494-4288-930F-698FE3F0D7BE}.Debug|Any CPU.ActiveCfg = Debug|Any CPU
		{91804157-8494-4288-930F-698FE3F0D7BE}.Debug|Any CPU.Build.0 = Debug|Any CPU
		{91804157-8494-4288-930F-698FE3F0D7BE}.Release|Any CPU.ActiveCfg = Release|Any CPU
		{D207F1AF-1776-48BD-B4AB-ADF1217373BB}.Debug|Any CPU.ActiveCfg = Debug|Any CPU
		{D207F1AF-1776-48BD-B4AB-ADF1217373BB}.Debug|Any CPU.Build.0 = Debug|Any CPU
		{D207F1AF-1776-48BD-B4AB-ADF1217373BB}.Release|Any CPU.ActiveCfg = Release|Any CPU
		{D207F1AF-1776-48BD-B4AB-ADF1217373BB}.Release|Any CPU.Build.0 = Release|Any CPU
		{46054333-8706-4412-980B-659DF83891F8}.Debug|Any CPU.ActiveCfg = Debug|Any CPU
		{46054333-8706-4412-980B-659DF83891F8}.Debug|Any CPU.Build.0 = Debug|Any CPU
		{46054333-8706-4412-980B-659DF83891F8}.Release|Any CPU.ActiveCfg = Release|Any CPU
		{3266BA8E-E78A-4A18-8F22-4CB6165A778B}.Debug|Any CPU.ActiveCfg = Debug|Any CPU
		{3266BA8E-E78A-4A18-8F22-4CB6165A778B}.Debug|Any CPU.Build.0 = Debug|Any CPU
		{3266BA8E-E78A-4A18-8F22-4CB6165A778B}.Release|Any CPU.ActiveCfg = Release|Any CPU
		{7870A46D-285E-49CF-8A96-7DA7FB05CBD1}.Debug|Any CPU.ActiveCfg = Debug|Any CPU
		{7870A46D-285E-49CF-8A96-7DA7FB05CBD1}.Debug|Any CPU.Build.0 = Debug|Any CPU
		{7870A46D-285E-49CF-8A96-7DA7FB05CBD1}.Release|Any CPU.ActiveCfg = Release|Any CPU
		{7870A46D-285E-49CF-8A96-7DA7FB05CBD1}.Release|Any CPU.Build.0 = Release|Any CPU
	EndGlobalSection
	GlobalSection(SolutionProperties) = preSolution
		HideSolutionNode = FALSE
	EndGlobalSection
EndGlobal
